// !$*UTF8*$!
{
	archiveVersion = 1;
	classes = {
	};
	objectVersion = 55;
	objects = {

/* Begin PBXBuildFile section */
		6D375CA22743E2D70072A28F /* AppDelegate.swift in Sources */ = {isa = PBXBuildFile; fileRef = 6D375CA12743E2D70072A28F /* AppDelegate.swift */; };
		6D375CA42743E2D70072A28F /* SceneDelegate.swift in Sources */ = {isa = PBXBuildFile; fileRef = 6D375CA32743E2D70072A28F /* SceneDelegate.swift */; };
		6D375CA62743E2D70072A28F /* ViewController.swift in Sources */ = {isa = PBXBuildFile; fileRef = 6D375CA52743E2D70072A28F /* ViewController.swift */; };
		6D375CA92743E2D70072A28F /* Main.storyboard in Resources */ = {isa = PBXBuildFile; fileRef = 6D375CA72743E2D70072A28F /* Main.storyboard */; };
		6D375CAC2743E2D70072A28F /* corDate.xcdatamodeld in Sources */ = {isa = PBXBuildFile; fileRef = 6D375CAA2743E2D70072A28F /* corDate.xcdatamodeld */; };
		6D375CAE2743E2E60072A28F /* Assets.xcassets in Resources */ = {isa = PBXBuildFile; fileRef = 6D375CAD2743E2E60072A28F /* Assets.xcassets */; };
		6D375CB12743E2E60072A28F /* LaunchScreen.storyboard in Resources */ = {isa = PBXBuildFile; fileRef = 6D375CAF2743E2E60072A28F /* LaunchScreen.storyboard */; };
		6D375CBA2743E51C0072A28F /* Student+CoreDataClass.swift in Sources */ = {isa = PBXBuildFile; fileRef = 6D375CB82743E51C0072A28F /* Student+CoreDataClass.swift */; };
		6D375CBB2743E51C0072A28F /* Student+CoreDataProperties.swift in Sources */ = {isa = PBXBuildFile; fileRef = 6D375CB92743E51C0072A28F /* Student+CoreDataProperties.swift */; };
/* End PBXBuildFile section */

/* Begin PBXFileReference section */
		6D375C9E2743E2D70072A28F /* corDate.app */ = {isa = PBXFileReference; explicitFileType = wrapper.application; includeInIndex = 0; path = corDate.app; sourceTree = BUILT_PRODUCTS_DIR; };
		6D375CA12743E2D70072A28F /* AppDelegate.swift */ = {isa = PBXFileReference; lastKnownFileType = sourcecode.swift; path = AppDelegate.swift; sourceTree = "<group>"; };
		6D375CA32743E2D70072A28F /* SceneDelegate.swift */ = {isa = PBXFileReference; lastKnownFileType = sourcecode.swift; path = SceneDelegate.swift; sourceTree = "<group>"; };
		6D375CA52743E2D70072A28F /* ViewController.swift */ = {isa = PBXFileReference; lastKnownFileType = sourcecode.swift; path = ViewController.swift; sourceTree = "<group>"; };
		6D375CA82743E2D70072A28F /* Base */ = {isa = PBXFileReference; lastKnownFileType = file.storyboard; name = Base; path = Base.lproj/Main.storyboard; sourceTree = "<group>"; };
		6D375CAB2743E2D70072A28F /* corDate.xcdatamodel */ = {isa = PBXFileReference; lastKnownFileType = wrapper.xcdatamodel; path = corDate.xcdatamodel; sourceTree = "<group>"; };
		6D375CAD2743E2E60072A28F /* Assets.xcassets */ = {isa = PBXFileReference; lastKnownFileType = folder.assetcatalog; path = Assets.xcassets; sourceTree = "<group>"; };
		6D375CB02743E2E60072A28F /* Base */ = {isa = PBXFileReference; lastKnownFileType = file.storyboard; name = Base; path = Base.lproj/LaunchScreen.storyboard; sourceTree = "<group>"; };
		6D375CB22743E2E60072A28F /* Info.plist */ = {isa = PBXFileReference; lastKnownFileType = text.plist.xml; path = Info.plist; sourceTree = "<group>"; };
		6D375CB82743E51C0072A28F /* Student+CoreDataClass.swift */ = {isa = PBXFileReference; lastKnownFileType = sourcecode.swift; path = "Student+CoreDataClass.swift"; sourceTree = "<group>"; };
		6D375CB92743E51C0072A28F /* Student+CoreDataProperties.swift */ = {isa = PBXFileReference; lastKnownFileType = sourcecode.swift; path = "Student+CoreDataProperties.swift"; sourceTree = "<group>"; };
/* End PBXFileReference section */

/* Begin PBXFrameworksBuildPhase section */
		6D375C9B2743E2D70072A28F /* Frameworks */ = {
			isa = PBXFrameworksBuildPhase;
			buildActionMask = 2147483647;
			files = (
			);
			runOnlyForDeploymentPostprocessing = 0;
		};
/* End PBXFrameworksBuildPhase section */

/* Begin PBXGroup section */
		6D375C952743E2D70072A28F = {
			isa = PBXGroup;
			children = (
				6D375CB82743E51C0072A28F /* Student+CoreDataClass.swift */,
				6D375CB92743E51C0072A28F /* Student+CoreDataProperties.swift */,
				6D375CA02743E2D70072A28F /* corDate */,
				6D375C9F2743E2D70072A28F /* Products */,
			);
			sourceTree = "<group>";
		};
		6D375C9F2743E2D70072A28F /* Products */ = {
			isa = PBXGroup;
			children = (
				6D375C9E2743E2D70072A28F /* corDate.app */,
			);
			name = Products;
			sourceTree = "<group>";
		};
		6D375CA02743E2D70072A28F /* corDate */ = {
			isa = PBXGroup;
			children = (
				6D375CA12743E2D70072A28F /* AppDelegate.swift */,
				6D375CA32743E2D70072A28F /* SceneDelegate.swift */,
				6D375CA52743E2D70072A28F /* ViewController.swift */,
				6D375CA72743E2D70072A28F /* Main.storyboard */,
				6D375CAD2743E2E60072A28F /* Assets.xcassets */,
				6D375CAF2743E2E60072A28F /* LaunchScreen.storyboard */,
				6D375CB22743E2E60072A28F /* Info.plist */,
				6D375CAA2743E2D70072A28F /* corDate.xcdatamodeld */,
			);
			path = corDate;
			sourceTree = "<group>";
		};
/* End PBXGroup section */

/* Begin PBXNativeTarget section */
		6D375C9D2743E2D70072A28F /* corDate */ = {
			isa = PBXNativeTarget;
			buildConfigurationList = 6D375CB52743E2E60072A28F /* Build configuration list for PBXNativeTarget "corDate" */;
			buildPhases = (
				6D375C9A2743E2D70072A28F /* Sources */,
				6D375C9B2743E2D70072A28F /* Frameworks */,
				6D375C9C2743E2D70072A28F /* Resources */,
			);
			buildRules = (
			);
			dependencies = (
			);
			name = corDate;
			productName = corDate;
			productReference = 6D375C9E2743E2D70072A28F /* corDate.app */;
			productType = "com.apple.product-type.application";
		};
/* End PBXNativeTarget section */

/* Begin PBXProject section */
		6D375C962743E2D70072A28F /* Project object */ = {
			isa = PBXProject;
			attributes = {
				BuildIndependentTargetsInParallel = 1;
				LastSwiftUpdateCheck = 1300;
				LastUpgradeCheck = 1300;
				TargetAttributes = {
					6D375C9D2743E2D70072A28F = {
						CreatedOnToolsVersion = 13.0;
					};
				};
			};
			buildConfigurationList = 6D375C992743E2D70072A28F /* Build configuration list for PBXProject "corDate" */;
			compatibilityVersion = "Xcode 13.0";
			developmentRegion = en;
			hasScannedForEncodings = 0;
			knownRegions = (
				en,
				Base,
			);
			mainGroup = 6D375C952743E2D70072A28F;
			productRefGroup = 6D375C9F2743E2D70072A28F /* Products */;
			projectDirPath = "";
			projectRoot = "";
			targets = (
				6D375C9D2743E2D70072A28F /* corDate */,
			);
		};
/* End PBXProject section */

/* Begin PBXResourcesBuildPhase section */
		6D375C9C2743E2D70072A28F /* Resources */ = {
			isa = PBXResourcesBuildPhase;
			buildActionMask = 2147483647;
			files = (
				6D375CB12743E2E60072A28F /* LaunchScreen.storyboard in Resources */,
				6D375CAE2743E2E60072A28F /* Assets.xcassets in Resources */,
				6D375CA92743E2D70072A28F /* Main.storyboard in Resources */,
			);
			runOnlyForDeploymentPostprocessing = 0;
		};
/* End PBXResourcesBuildPhase section */

/* Begin PBXSourcesBuildPhase section */
		6D375C9A2743E2D70072A28F /* Sources */ = {
			isa = PBXSourcesBuildPhase;
			buildActionMask = 2147483647;
			files = (
				6D375CBB2743E51C0072A28F /* Student+CoreDataProperties.swift in Sources */,
				6D375CA62743E2D70072A28F /* ViewController.swift in Sources */,
				6D375CA22743E2D70072A28F /* AppDelegate.swift in Sources */,
				6D375CAC2743E2D70072A28F /* corDate.xcdatamodeld in Sources */,
				6D375CA42743E2D70072A28F /* SceneDelegate.swift in Sources */,
				6D375CBA2743E51C0072A28F /* Student+CoreDataClass.swift in Sources */,
			);
			runOnlyForDeploymentPostprocessing = 0;
		};
/* End PBXSourcesBuildPhase section */

/* Begin PBXVariantGroup section */
		6D375CA72743E2D70072A28F /* Main.storyboard */ = {
			isa = PBXVariantGroup;
			children = (
				6D375CA82743E2D70072A28F /* Base */,
			);
			name = Main.storyboard;
			sourceTree = "<group>";
		};
		6D375CAF2743E2E60072A28F /* LaunchScreen.storyboard */ = {
			isa = PBXVariantGroup;
			children = (
				6D375CB02743E2E60072A28F /* Base */,
			);
			name = LaunchScreen.storyboard;
			sourceTree = "<group>";
		};
/* End PBXVariantGroup section */

/* Begin XCBuildConfiguration section */
		6D375CB32743E2E60072A28F /* Debug */ = {
			isa = XCBuildConfiguration;
			buildSettings = {
				ALWAYS_SEARCH_USER_PATHS = NO;
				CLANG_ANALYZER_NONNULL = YES;
				CLANG_ANALYZER_NUMBER_OBJECT_CONVERSION = YES_AGGRESSIVE;
				CLANG_CXX_LANGUAGE_STANDARD = "gnu++17";
				CLANG_CXX_LIBRARY = "libc++";
				CLANG_ENABLE_MODULES = YES;
				CLANG_ENABLE_OBJC_ARC = YES;
				CLANG_ENABLE_OBJC_WEAK = YES;
				CLANG_WARN_BLOCK_CAPTURE_AUTORELEASING = YES;
				CLANG_WARN_BOOL_CONVERSION = YES;
				CLANG_WARN_COMMA = YES;
				CLANG_WARN_CONSTANT_CONVERSION = YES;
				CLANG_WARN_DEPRECATED_OBJC_IMPLEMENTATIONS = YES;
				CLANG_WARN_DIRECT_OBJC_ISA_USAGE = YES_ERROR;
				CLANG_WARN_DOCUMENTATION_COMMENTS = YES;
				CLANG_WARN_EMPTY_BODY = YES;
				CLANG_WARN_ENUM_CONVERSION = YES;
				CLANG_WARN_INFINITE_RECURSION = YES;
				CLANG_WARN_INT_CONVERSION = YES;
				CLANG_WARN_NON_LITERAL_NULL_CONVERSION = YES;
				CLANG_WARN_OBJC_IMPLICIT_RETAIN_SELF = YES;
				CLANG_WARN_OBJC_LITERAL_CONVERSION = YES;
				CLANG_WARN_OBJC_ROOT_CLASS = YES_ERROR;
				CLANG_WARN_QUOTED_INCLUDE_IN_FRAMEWORK_HEADER = YES;
				CLANG_WARN_RANGE_LOOP_ANALYSIS = YES;
				CLANG_WARN_STRICT_PROTOTYPES = YES;
				CLANG_WARN_SUSPICIOUS_MOVE = YES;
				CLANG_WARN_UNGUARDED_AVAILABILITY = YES_AGGRESSIVE;
				CLANG_WARN_UNREACHABLE_CODE = YES;
				CLANG_WARN__DUPLICATE_METHOD_MATCH = YES;
				COPY_PHASE_STRIP = NO;
				DEBUG_INFORMATION_FORMAT = dwarf;
				ENABLE_STRICT_OBJC_MSGSEND = YES;
				ENABLE_TESTABILITY = YES;
				GCC_C_LANGUAGE_STANDARD = gnu11;
				GCC_DYNAMIC_NO_PIC = NO;
				GCC_NO_COMMON_BLOCKS = YES;
				GCC_OPTIMIZATION_LEVEL = 0;
				GCC_PREPROCESSOR_DEFINITIONS = (
					"DEBUG=1",
					"$(inherited)",
				);
				GCC_WARN_64_TO_32_BIT_CONVERSION = YES;
				GCC_WARN_ABOUT_RETURN_TYPE = YES_ERROR;
				GCC_WARN_UNDECLARED_SELECTOR = YES;
				GCC_WARN_UNINITIALIZED_AUTOS = YES_AGGRESSIVE;
				GCC_WARN_UNUSED_FUNCTION = YES;
				GCC_WARN_UNUSED_VARIABLE = YES;
				IPHONEOS_DEPLOYMENT_TARGET = 15.0;
				MTL_ENABLE_DEBUG_INFO = INCLUDE_SOURCE;
				MTL_FAST_MATH = YES;
				ONLY_ACTIVE_ARCH = YES;
				SDKROOT = iphoneos;
				SWIFT_ACTIVE_COMPILATION_CONDITIONS = DEBUG;
				SWIFT_OPTIMIZATION_LEVEL = "-Onone";
			};
			name = Debug;
		};
		6D375CB42743E2E60072A28F /* Release */ = {
			isa = XCBuildConfiguration;
			buildSettings = {
				ALWAYS_SEARCH_USER_PATHS = NO;
				CLANG_ANALYZER_NONNULL = YES;
				CLANG_ANALYZER_NUMBER_OBJECT_CONVERSION = YES_AGGRESSIVE;
				CLANG_CXX_LANGUAGE_STANDARD = "gnu++17";
				CLANG_CXX_LIBRARY = "libc++";
				CLANG_ENABLE_MODULES = YES;
				CLANG_ENABLE_OBJC_ARC = YES;
				CLANG_ENABLE_OBJC_WEAK = YES;
				CLANG_WARN_BLOCK_CAPTURE_AUTORELEASING = YES;
				CLANG_WARN_BOOL_CONVERSION = YES;
				CLANG_WARN_COMMA = YES;
				CLANG_WARN_CONSTANT_CONVERSION = YES;
				CLANG_WARN_DEPRECATED_OBJC_IMPLEMENTATIONS = YES;
				CLANG_WARN_DIRECT_OBJC_ISA_USAGE = YES_ERROR;
				CLANG_WARN_DOCUMENTATION_COMMENTS = YES;
				CLANG_WARN_EMPTY_BODY = YES;
				CLANG_WARN_ENUM_CONVERSION = YES;
				CLANG_WARN_INFINITE_RECURSION = YES;
				CLANG_WARN_INT_CONVERSION = YES;
				CLANG_WARN_NON_LITERAL_NULL_CONVERSION = YES;
				CLANG_WARN_OBJC_IMPLICIT_RETAIN_SELF = YES;
				CLANG_WARN_OBJC_LITERAL_CONVERSION = YES;
				CLANG_WARN_OBJC_ROOT_CLASS = YES_ERROR;
				CLANG_WARN_QUOTED_INCLUDE_IN_FRAMEWORK_HEADER = YES;
				CLANG_WARN_RANGE_LOOP_ANALYSIS = YES;
				CLANG_WARN_STRICT_PROTOTYPES = YES;
				CLANG_WARN_SUSPICIOUS_MOVE = YES;
				CLANG_WARN_UNGUARDED_AVAILABILITY = YES_AGGRESSIVE;
				CLANG_WARN_UNREACHABLE_CODE = YES;
				CLANG_WARN__DUPLICATE_METHOD_MATCH = YES;
				COPY_PHASE_STRIP = NO;
				DEBUG_INFORMATION_FORMAT = "dwarf-with-dsym";
				ENABLE_NS_ASSERTIONS = NO;
				ENABLE_STRICT_OBJC_MSGSEND = YES;
				GCC_C_LANGUAGE_STANDARD = gnu11;
				GCC_NO_COMMON_BLOCKS = YES;
				GCC_WARN_64_TO_32_BIT_CONVERSION = YES;
				GCC_WARN_ABOUT_RETURN_TYPE = YES_ERROR;
				GCC_WARN_UNDECLARED_SELECTOR = YES;
				GCC_WARN_UNINITIALIZED_AUTOS = YES_AGGRESSIVE;
				GCC_WARN_UNUSED_FUNCTION = YES;
				GCC_WARN_UNUSED_VARIABLE = YES;
				IPHONEOS_DEPLOYMENT_TARGET = 15.0;
				MTL_ENABLE_DEBUG_INFO = NO;
				MTL_FAST_MATH = YES;
				SDKROOT = iphoneos;
				SWIFT_COMPILATION_MODE = wholemodule;
				SWIFT_OPTIMIZATION_LEVEL = "-O";
				VALIDATE_PRODUCT = YES;
			};
			name = Release;
		};
		6D375CB62743E2E60072A28F /* Debug */ = {
			isa = XCBuildConfiguration;
			buildSettings = {
				ASSETCATALOG_COMPILER_APPICON_NAME = AppIcon;
				ASSETCATALOG_COMPILER_GLOBAL_ACCENT_COLOR_NAME = AccentColor;
				CODE_SIGN_STYLE = Automatic;
				CURRENT_PROJECT_VERSION = 1;
				GENERATE_INFOPLIST_FILE = YES;
				INFOPLIST_FILE = corDate/Info.plist;
				INFOPLIST_KEY_UIApplicationSupportsIndirectInputEvents = YES;
				INFOPLIST_KEY_UILaunchStoryboardName = LaunchScreen;
				INFOPLIST_KEY_UIMainStoryboardFile = Main;
				INFOPLIST_KEY_UISupportedInterfaceOrientations_iPad = "UIInterfaceOrientationPortrait UIInterfaceOrientationPortraitUpsideDown UIInterfaceOrientationLandscapeLeft UIInterfaceOrientationLandscapeRight";
				INFOPLIST_KEY_UISupportedInterfaceOrientations_iPhone = "UIInterfaceOrientationPortrait UIInterfaceOrientationLandscapeLeft UIInterfaceOrientationLandscapeRight";
				LD_RUNPATH_SEARCH_PATHS = (
					"$(inherited)",
					"@executable_path/Frameworks",
				);
				MARKETING_VERSION = 1.0;
				PRODUCT_BUNDLE_IDENTIFIER = com.google.corDate;
				PRODUCT_NAME = "$(TARGET_NAME)";
				SWIFT_EMIT_LOC_STRINGS = YES;
				SWIFT_VERSION = 5.0;
				TARGETED_DEVICE_FAMILY = "1,2";
			};
			name = Debug;
		};
		6D375CB72743E2E60072A28F /* Release */ = {
			isa = XCBuildConfiguration;
			buildSettings = {
				ASSETCATALOG_COMPILER_APPICON_NAME = AppIcon;
				ASSETCATALOG_COMPILER_GLOBAL_ACCENT_COLOR_NAME = AccentColor;
				CODE_SIGN_STYLE = Automatic;
				CURRENT_PROJECT_VERSION = 1;
				GENERATE_INFOPLIST_FILE = YES;
				INFOPLIST_FILE = corDate/Info.plist;
				INFOPLIST_KEY_UIApplicationSupportsIndirectInputEvents = YES;
				INFOPLIST_KEY_UILaunchStoryboardName = LaunchScreen;
				INFOPLIST_KEY_UIMainStoryboardFile = Main;
				INFOPLIST_KEY_UISupportedInterfaceOrientations_iPad = "UIInterfaceOrientationPortrait UIInterfaceOrientationPortraitUpsideDown UIInterfaceOrientationLandscapeLeft UIInterfaceOrientationLandscapeRight";
				INFOPLIST_KEY_UISupportedInterfaceOrientations_iPhone = "UIInterfaceOrientationPortrait UIInterfaceOrientationLandscapeLeft UIInterfaceOrientationLandscapeRight";
				LD_RUNPATH_SEARCH_PATHS = (
					"$(inherited)",
					"@executable_path/Frameworks",
				);
				MARKETING_VERSION = 1.0;
				PRODUCT_BUNDLE_IDENTIFIER = com.google.corDate;
				PRODUCT_NAME = "$(TARGET_NAME)";
				SWIFT_EMIT_LOC_STRINGS = YES;
				SWIFT_VERSION = 5.0;
				TARGETED_DEVICE_FAMILY = "1,2";
			};
			name = Release;
		};
/* End XCBuildConfiguration section */

/* Begin XCConfigurationList section */
		6D375C992743E2D70072A28F /* Build configuration list for PBXProject "corDate" */ = {
			isa = XCConfigurationList;
			buildConfigurations = (
				6D375CB32743E2E60072A28F /* Debug */,
				6D375CB42743E2E60072A28F /* Release */,
			);
			defaultConfigurationIsVisible = 0;
			defaultConfigurationName = Release;
		};
		6D375CB52743E2E60072A28F /* Build configuration list for PBXNativeTarget "corDate" */ = {
			isa = XCConfigurationList;
			buildConfigurations = (
				6D375CB62743E2E60072A28F /* Debug */,
				6D375CB72743E2E60072A28F /* Release */,
			);
			defaultConfigurationIsVisible = 0;
			defaultConfigurationName = Release;
		};
/* End XCConfigurationList section */

/* Begin XCVersionGroup section */
		6D375CAA2743E2D70072A28F /* corDate.xcdatamodeld */ = {
			isa = XCVersionGroup;
			children = (
				6D375CAB2743E2D70072A28F /* corDate.xcdatamodel */,
			);
			currentVersion = 6D375CAB2743E2D70072A28F /* corDate.xcdatamodel */;
			path = corDate.xcdatamodeld;
			sourceTree = "<group>";
			versionGroupType = wrapper.xcdatamodel;
		};
/* End XCVersionGroup section */
	};
	rootObject = 6D375C962743E2D70072A28F /* Project object */;
}
